{
  "originHash" : "2883adaf219765faaaff5b5368c88ed3c5d760112f765c4575ed0f933ed0784f",
  "pins" : [
    {
      "identity" : "detaileddescription",
      "kind" : "remoteSourceControl",
      "location" : "https://www.github.com/Vaida12345/DetailedDescription.git",
      "state" : {
        "revision" : "bee1e194bde199abc091b0420ec928bdcffdb3fb",
        "version" : "2.0.5"
      }
    }
  ],
  "version" : 3
}
