{
  "originHash" : "2c716583228c4dd8351e089e6c1451b218e34a9d75ba6446aae1dc520f2b3be2",
  "pins" : [
    {
      "identity" : "detaileddescription",
      "kind" : "remoteSourceControl",
      "location" : "https://github.com/Vaida12345/DetailedDescription.git",
      "state" : {
        "revision" : "eee79eadf9e9918150c88796e30a202e3f133cf7",
        "version" : "1.0.0"
      }
    }
  ],
  "version" : 3
}
