{
  "originHash" : "850cc306861dbe7296708d4568e726c526432ce18ed37fb36c3fd6794c707335",
  "pins" : [
    {
      "identity" : "detaileddescription",
      "kind" : "remoteSourceControl",
      "location" : "https://github.com/Vaida12345/DetailedDescription.git",
      "state" : {
        "revision" : "d4ae923e6cc5dadc7219d54cbf31912889f7bf33",
        "version" : "2.1.1"
      }
    }
  ],
  "version" : 3
}
